
Microsoft Visual Studio Solution File, Format Version 12.00
# Visual Studio Version 17
VisualStudioVersion = 17.9.34622.214
MinimumVisualStudioVersion = 10.0.40219.1
Project("{FAE04EC0-301F-11D3-BF4B-00C04F79EFBC}") = "RegisterEmployees", "RegisterEmployees\RegisterEmployees.csproj", "{4482748F-1B2A-4C91-BB5A-D0153DA36C30}"
EndProject
Global
	GlobalSection(SolutionConfigurationPlatforms) = preSolution
		Debug|Any CPU = Debug|Any CPU
		Release|Any CPU = Release|Any CPU
	EndGlobalSection
	GlobalSection(ProjectConfigurationPlatforms) = postSolution
		{4482748F-1B2A-4C91-BB5A-D0153DA36C30}.Debug|Any CPU.ActiveCfg = Debug|Any CPU
		{4482748F-1B2A-4C91-BB5A-D0153DA36C30}.Debug|Any CPU.Build.0 = Debug|Any CPU
		{4482748F-1B2A-4C91-BB5A-D0153DA36C30}.Release|Any CPU.ActiveCfg = Release|Any CPU
		{4482748F-1B2A-4C91-BB5A-D0153DA36C30}.Release|Any CPU.Build.0 = Release|Any CPU
	EndGlobalSection
	GlobalSection(SolutionProperties) = preSolution
		HideSolutionNode = FALSE
	EndGlobalSection
	GlobalSection(ExtensibilityGlobals) = postSolution
		SolutionGuid = {831E980A-61FD-4C61-8239-F55DE4D20590}
	EndGlobalSection
EndGlobal
