
Microsoft Visual Studio Solution File, Format Version 12.00
# Visual Studio Version 17
VisualStudioVersion = 17.9.34622.214
MinimumVisualStudioVersion = 10.0.40219.1
Project("{FAE04EC0-301F-11D3-BF4B-00C04F79EFBC}") = "Employee", "Employee\Employee.csproj", "{EEED62C8-CB07-4C31-8E91-BF8B13987A29}"
EndProject
Global
	GlobalSection(SolutionConfigurationPlatforms) = preSolution
		Debug|Any CPU = Debug|Any CPU
		Release|Any CPU = Release|Any CPU
	EndGlobalSection
	GlobalSection(ProjectConfigurationPlatforms) = postSolution
		{EEED62C8-CB07-4C31-8E91-BF8B13987A29}.Debug|Any CPU.ActiveCfg = Debug|Any CPU
		{EEED62C8-CB07-4C31-8E91-BF8B13987A29}.Debug|Any CPU.Build.0 = Debug|Any CPU
		{EEED62C8-CB07-4C31-8E91-BF8B13987A29}.Release|Any CPU.ActiveCfg = Release|Any CPU
		{EEED62C8-CB07-4C31-8E91-BF8B13987A29}.Release|Any CPU.Build.0 = Release|Any CPU
	EndGlobalSection
	GlobalSection(SolutionProperties) = preSolution
		HideSolutionNode = FALSE
	EndGlobalSection
	GlobalSection(ExtensibilityGlobals) = postSolution
		SolutionGuid = {E1C31E54-19F7-4A14-A303-4219F84F8D44}
	EndGlobalSection
EndGlobal
