
Microsoft Visual Studio Solution File, Format Version 12.00
# Visual Studio Version 17
VisualStudioVersion = 17.9.34622.214
MinimumVisualStudioVersion = 10.0.40219.1
Project("{FAE04EC0-301F-11D3-BF4B-00C04F79EFBC}") = "Order", "Order\Order.csproj", "{67F0BB0A-552A-435E-B5C4-D6FD5718017A}"
EndProject
Global
	GlobalSection(SolutionConfigurationPlatforms) = preSolution
		Debug|Any CPU = Debug|Any CPU
		Release|Any CPU = Release|Any CPU
	EndGlobalSection
	GlobalSection(ProjectConfigurationPlatforms) = postSolution
		{67F0BB0A-552A-435E-B5C4-D6FD5718017A}.Debug|Any CPU.ActiveCfg = Debug|Any CPU
		{67F0BB0A-552A-435E-B5C4-D6FD5718017A}.Debug|Any CPU.Build.0 = Debug|Any CPU
		{67F0BB0A-552A-435E-B5C4-D6FD5718017A}.Release|Any CPU.ActiveCfg = Release|Any CPU
		{67F0BB0A-552A-435E-B5C4-D6FD5718017A}.Release|Any CPU.Build.0 = Release|Any CPU
	EndGlobalSection
	GlobalSection(SolutionProperties) = preSolution
		HideSolutionNode = FALSE
	EndGlobalSection
	GlobalSection(ExtensibilityGlobals) = postSolution
		SolutionGuid = {E4BEC4A0-C5D5-4E0E-A156-4C18D6BAF69C}
	EndGlobalSection
EndGlobal
