
Microsoft Visual Studio Solution File, Format Version 12.00
# Visual Studio Version 17
VisualStudioVersion = 17.9.34622.214
MinimumVisualStudioVersion = 10.0.40219.1
Project("{FAE04EC0-301F-11D3-BF4B-00C04F79EFBC}") = "Products", "Products\Products.csproj", "{36D69F56-868F-4079-8966-CB03262AD722}"
EndProject
Global
	GlobalSection(SolutionConfigurationPlatforms) = preSolution
		Debug|Any CPU = Debug|Any CPU
		Release|Any CPU = Release|Any CPU
	EndGlobalSection
	GlobalSection(ProjectConfigurationPlatforms) = postSolution
		{36D69F56-868F-4079-8966-CB03262AD722}.Debug|Any CPU.ActiveCfg = Debug|Any CPU
		{36D69F56-868F-4079-8966-CB03262AD722}.Debug|Any CPU.Build.0 = Debug|Any CPU
		{36D69F56-868F-4079-8966-CB03262AD722}.Release|Any CPU.ActiveCfg = Release|Any CPU
		{36D69F56-868F-4079-8966-CB03262AD722}.Release|Any CPU.Build.0 = Release|Any CPU
	EndGlobalSection
	GlobalSection(SolutionProperties) = preSolution
		HideSolutionNode = FALSE
	EndGlobalSection
	GlobalSection(ExtensibilityGlobals) = postSolution
		SolutionGuid = {A78FEE65-41B0-48B0-91B9-B073795B050D}
	EndGlobalSection
EndGlobal
